
Microsoft Visual Studio Solution File, Format Version 12.00
# Visual Studio Version 16
VisualStudioVersion = 16.0.29519.181
MinimumVisualStudioVersion = 10.0.40219.1
Project("{9A19103F-16F7-4668-BE54-9A1E7A4F7556}") = "ConsoleApp", "ConsoleApp\ConsoleApp.csproj", "{96CCBA8B-D972-4FFD-8F87-F077DA14B9DB}"
EndProject
Project("{FAE04EC0-301F-11D3-BF4B-00C04F79EFBC}") = "Tests", "Tests\Tests.csproj", "{CACC7E32-6FBC-4EC1-B1FB-4A45713A086A}"
EndProject
Global
	GlobalSection(SolutionConfigurationPlatforms) = preSolution
		Debug|Any CPU = Debug|Any CPU
		Release|Any CPU = Release|Any CPU
	EndGlobalSection
	GlobalSection(ProjectConfigurationPlatforms) = postSolution
		{96CCBA8B-D972-4FFD-8F87-F077DA14B9DB}.Debug|Any CPU.ActiveCfg = Debug|Any CPU
		{96CCBA8B-D972-4FFD-8F87-F077DA14B9DB}.Debug|Any CPU.Build.0 = Debug|Any CPU
		{96CCBA8B-D972-4FFD-8F87-F077DA14B9DB}.Release|Any CPU.ActiveCfg = Release|Any CPU
		{96CCBA8B-D972-4FFD-8F87-F077DA14B9DB}.Release|Any CPU.Build.0 = Release|Any CPU
		{CACC7E32-6FBC-4EC1-B1FB-4A45713A086A}.Debug|Any CPU.ActiveCfg = Debug|Any CPU
		{CACC7E32-6FBC-4EC1-B1FB-4A45713A086A}.Debug|Any CPU.Build.0 = Debug|Any CPU
		{CACC7E32-6FBC-4EC1-B1FB-4A45713A086A}.Release|Any CPU.ActiveCfg = Release|Any CPU
		{CACC7E32-6FBC-4EC1-B1FB-4A45713A086A}.Release|Any CPU.Build.0 = Release|Any CPU
	EndGlobalSection
	GlobalSection(SolutionProperties) = preSolution
		HideSolutionNode = FALSE
	EndGlobalSection
	GlobalSection(ExtensibilityGlobals) = postSolution
		SolutionGuid = {9C3177A0-D32A-4B74-8BAE-90AD61B4BDBB}
	EndGlobalSection
EndGlobal
